
Microsoft Visual Studio Solution File, Format Version 12.00
# Visual Studio Version 17
VisualStudioVersion = 17.4.33213.308
MinimumVisualStudioVersion = 10.0.40219.1
Project("{9A19103F-16F7-4668-BE54-9A1E7A4F7556}") = "FixedAsset", "FixedAsset\FixedAsset.csproj", "{BEC01A13-73FB-4B58-82EA-20385CF597CC}"
EndProject
Project("{FAE04EC0-301F-11D3-BF4B-00C04F79EFBC}") = "FixedAsset.DataAccess", "FixedAsset.DataAccess\FixedAsset.DataAccess.csproj", "{6B3CC8EF-2F50-449C-9DDA-A3AF325C2AF5}"
EndProject
Project("{FAE04EC0-301F-11D3-BF4B-00C04F79EFBC}") = "FixedAsset.Models", "FixedAsset.Models\FixedAsset.Models.csproj", "{B90D321A-6C22-4A74-AC21-8E409F3536B4}"
EndProject
Global
	GlobalSection(SolutionConfigurationPlatforms) = preSolution
		Debug|Any CPU = Debug|Any CPU
		Release|Any CPU = Release|Any CPU
	EndGlobalSection
	GlobalSection(ProjectConfigurationPlatforms) = postSolution
		{BEC01A13-73FB-4B58-82EA-20385CF597CC}.Debug|Any CPU.ActiveCfg = Debug|Any CPU
		{BEC01A13-73FB-4B58-82EA-20385CF597CC}.Debug|Any CPU.Build.0 = Debug|Any CPU
		{BEC01A13-73FB-4B58-82EA-20385CF597CC}.Release|Any CPU.ActiveCfg = Release|Any CPU
		{BEC01A13-73FB-4B58-82EA-20385CF597CC}.Release|Any CPU.Build.0 = Release|Any CPU
		{6B3CC8EF-2F50-449C-9DDA-A3AF325C2AF5}.Debug|Any CPU.ActiveCfg = Debug|Any CPU
		{6B3CC8EF-2F50-449C-9DDA-A3AF325C2AF5}.Debug|Any CPU.Build.0 = Debug|Any CPU
		{6B3CC8EF-2F50-449C-9DDA-A3AF325C2AF5}.Release|Any CPU.ActiveCfg = Release|Any CPU
		{6B3CC8EF-2F50-449C-9DDA-A3AF325C2AF5}.Release|Any CPU.Build.0 = Release|Any CPU
		{B90D321A-6C22-4A74-AC21-8E409F3536B4}.Debug|Any CPU.ActiveCfg = Debug|Any CPU
		{B90D321A-6C22-4A74-AC21-8E409F3536B4}.Debug|Any CPU.Build.0 = Debug|Any CPU
		{B90D321A-6C22-4A74-AC21-8E409F3536B4}.Release|Any CPU.ActiveCfg = Release|Any CPU
		{B90D321A-6C22-4A74-AC21-8E409F3536B4}.Release|Any CPU.Build.0 = Release|Any CPU
	EndGlobalSection
	GlobalSection(SolutionProperties) = preSolution
		HideSolutionNode = FALSE
	EndGlobalSection
	GlobalSection(ExtensibilityGlobals) = postSolution
		SolutionGuid = {77F96172-28BD-429E-9EBC-0C5CEBD8989E}
	EndGlobalSection
EndGlobal
